
Microsoft Visual Studio Solution File, Format Version 12.00
# Visual Studio Version 17
VisualStudioVersion = 17.0.31912.275
MinimumVisualStudioVersion = 10.0.40219.1
Project("{FAE04EC0-301F-11D3-BF4B-00C04F79EFBC}") = "WindowsFormsApp1", "WindowsFormsApp1\WindowsFormsApp1.csproj", "{FBF6C2EC-6095-440D-9773-4A178F922F2F}"
EndProject
Global
	GlobalSection(SolutionConfigurationPlatforms) = preSolution
		Debug|Any CPU = Debug|Any CPU
		Release|Any CPU = Release|Any CPU
	EndGlobalSection
	GlobalSection(ProjectConfigurationPlatforms) = postSolution
		{FBF6C2EC-6095-440D-9773-4A178F922F2F}.Debug|Any CPU.ActiveCfg = Debug|Any CPU
		{FBF6C2EC-6095-440D-9773-4A178F922F2F}.Debug|Any CPU.Build.0 = Debug|Any CPU
		{FBF6C2EC-6095-440D-9773-4A178F922F2F}.Release|Any CPU.ActiveCfg = Release|Any CPU
		{FBF6C2EC-6095-440D-9773-4A178F922F2F}.Release|Any CPU.Build.0 = Release|Any CPU
	EndGlobalSection
	GlobalSection(SolutionProperties) = preSolution
		HideSolutionNode = FALSE
	EndGlobalSection
	GlobalSection(ExtensibilityGlobals) = postSolution
		SolutionGuid = {4B2299CA-3BBA-440A-91D6-27E82CB8EBCF}
	EndGlobalSection
EndGlobal
